
Microsoft Visual Studio Solution File, Format Version 12.00
# Visual Studio Version 17
VisualStudioVersion = 17.2.32602.215
MinimumVisualStudioVersion = 10.0.40219.1
Project("{8BC9CEB8-8B4A-11D0-8D11-00A0C91BC942}") = "ITMO_ChesnokovL_Lab2_Control3", "ITMO_ChesnokovL_Lab2_Control3\ITMO_ChesnokovL_Lab2_Control3.vcxproj", "{80F0E277-B6A1-47C7-ACA7-DD75124288D8}"
EndProject
Global
	GlobalSection(SolutionConfigurationPlatforms) = preSolution
		Debug|x64 = Debug|x64
		Debug|x86 = Debug|x86
		Release|x64 = Release|x64
		Release|x86 = Release|x86
	EndGlobalSection
	GlobalSection(ProjectConfigurationPlatforms) = postSolution
		{80F0E277-B6A1-47C7-ACA7-DD75124288D8}.Debug|x64.ActiveCfg = Debug|x64
		{80F0E277-B6A1-47C7-ACA7-DD75124288D8}.Debug|x64.Build.0 = Debug|x64
		{80F0E277-B6A1-47C7-ACA7-DD75124288D8}.Debug|x86.ActiveCfg = Debug|Win32
		{80F0E277-B6A1-47C7-ACA7-DD75124288D8}.Debug|x86.Build.0 = Debug|Win32
		{80F0E277-B6A1-47C7-ACA7-DD75124288D8}.Release|x64.ActiveCfg = Release|x64
		{80F0E277-B6A1-47C7-ACA7-DD75124288D8}.Release|x64.Build.0 = Release|x64
		{80F0E277-B6A1-47C7-ACA7-DD75124288D8}.Release|x86.ActiveCfg = Release|Win32
		{80F0E277-B6A1-47C7-ACA7-DD75124288D8}.Release|x86.Build.0 = Release|Win32
	EndGlobalSection
	GlobalSection(SolutionProperties) = preSolution
		HideSolutionNode = FALSE
	EndGlobalSection
	GlobalSection(ExtensibilityGlobals) = postSolution
		SolutionGuid = {BB557A3D-8144-4AA0-B6A7-A3CECA205D54}
	EndGlobalSection
EndGlobal
