
Microsoft Visual Studio Solution File, Format Version 12.00
# Visual Studio Version 17
VisualStudioVersion = 17.2.32602.215
MinimumVisualStudioVersion = 10.0.40219.1
Project("{8BC9CEB8-8B4A-11D0-8D11-00A0C91BC942}") = "ITMO_ChesnokovL_Lab3_Control3", "ITMO_ChesnokovL_Lab3_Control3\ITMO_ChesnokovL_Lab3_Control3.vcxproj", "{394C3EBA-764E-492D-AA70-8948CF96ADFF}"
EndProject
Global
	GlobalSection(SolutionConfigurationPlatforms) = preSolution
		Debug|x64 = Debug|x64
		Debug|x86 = Debug|x86
		Release|x64 = Release|x64
		Release|x86 = Release|x86
	EndGlobalSection
	GlobalSection(ProjectConfigurationPlatforms) = postSolution
		{394C3EBA-764E-492D-AA70-8948CF96ADFF}.Debug|x64.ActiveCfg = Debug|x64
		{394C3EBA-764E-492D-AA70-8948CF96ADFF}.Debug|x64.Build.0 = Debug|x64
		{394C3EBA-764E-492D-AA70-8948CF96ADFF}.Debug|x86.ActiveCfg = Debug|Win32
		{394C3EBA-764E-492D-AA70-8948CF96ADFF}.Debug|x86.Build.0 = Debug|Win32
		{394C3EBA-764E-492D-AA70-8948CF96ADFF}.Release|x64.ActiveCfg = Release|x64
		{394C3EBA-764E-492D-AA70-8948CF96ADFF}.Release|x64.Build.0 = Release|x64
		{394C3EBA-764E-492D-AA70-8948CF96ADFF}.Release|x86.ActiveCfg = Release|Win32
		{394C3EBA-764E-492D-AA70-8948CF96ADFF}.Release|x86.Build.0 = Release|Win32
	EndGlobalSection
	GlobalSection(SolutionProperties) = preSolution
		HideSolutionNode = FALSE
	EndGlobalSection
	GlobalSection(ExtensibilityGlobals) = postSolution
		SolutionGuid = {DC1F72F1-575A-48FB-93F1-96562292D3E1}
	EndGlobalSection
EndGlobal
