
Microsoft Visual Studio Solution File, Format Version 12.00
# Visual Studio Version 17
VisualStudioVersion = 17.2.32602.215
MinimumVisualStudioVersion = 10.0.40219.1
Project("{8BC9CEB8-8B4A-11D0-8D11-00A0C91BC942}") = "ITMO_ChesnokovL_Lab3_3", "ITMO_ChesnokovL_Lab3_3\ITMO_ChesnokovL_Lab3_3.vcxproj", "{08563D99-6AAE-4F99-87F0-E00AF9E3CE50}"
EndProject
Global
	GlobalSection(SolutionConfigurationPlatforms) = preSolution
		Debug|x64 = Debug|x64
		Debug|x86 = Debug|x86
		Release|x64 = Release|x64
		Release|x86 = Release|x86
	EndGlobalSection
	GlobalSection(ProjectConfigurationPlatforms) = postSolution
		{08563D99-6AAE-4F99-87F0-E00AF9E3CE50}.Debug|x64.ActiveCfg = Debug|x64
		{08563D99-6AAE-4F99-87F0-E00AF9E3CE50}.Debug|x64.Build.0 = Debug|x64
		{08563D99-6AAE-4F99-87F0-E00AF9E3CE50}.Debug|x86.ActiveCfg = Debug|Win32
		{08563D99-6AAE-4F99-87F0-E00AF9E3CE50}.Debug|x86.Build.0 = Debug|Win32
		{08563D99-6AAE-4F99-87F0-E00AF9E3CE50}.Release|x64.ActiveCfg = Release|x64
		{08563D99-6AAE-4F99-87F0-E00AF9E3CE50}.Release|x64.Build.0 = Release|x64
		{08563D99-6AAE-4F99-87F0-E00AF9E3CE50}.Release|x86.ActiveCfg = Release|Win32
		{08563D99-6AAE-4F99-87F0-E00AF9E3CE50}.Release|x86.Build.0 = Release|Win32
	EndGlobalSection
	GlobalSection(SolutionProperties) = preSolution
		HideSolutionNode = FALSE
	EndGlobalSection
	GlobalSection(ExtensibilityGlobals) = postSolution
		SolutionGuid = {49645AD7-2E98-4FE1-A90A-1A8F10B0C68A}
	EndGlobalSection
EndGlobal
